
Microsoft Visual Studio Solution File, Format Version 12.00
# Visual Studio Version 16
VisualStudioVersion = 16.0.31613.86
MinimumVisualStudioVersion = 10.0.40219.1
Project("{9A19103F-16F7-4668-BE54-9A1E7A4F7556}") = "StateManageMent.Cache", "StateManageMent.Cache\StateManageMent.Cache.csproj", "{D2281CBA-E282-4F81-BEA8-792297EA77BE}"
EndProject
Project("{9A19103F-16F7-4668-BE54-9A1E7A4F7556}") = "StateManageMent.Session", "StateManageMent.Session\StateManageMent.Session.csproj", "{35B60787-D5A7-43EB-9394-74E205F17EA7}"
EndProject
Project("{9A19103F-16F7-4668-BE54-9A1E7A4F7556}") = "Routing", "Routing\Routing.csproj", "{07FC6C3E-3393-43B7-9E1A-E2E30A2C8C81}"
EndProject
Project("{9A19103F-16F7-4668-BE54-9A1E7A4F7556}") = "RestApi", "RestApi\RestApi.csproj", "{6C5D82D1-55C4-41D7-88A1-AE9588116167}"
EndProject
Project("{9A19103F-16F7-4668-BE54-9A1E7A4F7556}") = "UnitTesting", "UnitTesting\UnitTesting.csproj", "{2DBBA972-AC47-454A-B87C-FD261CDAD797}"
EndProject
Project("{2150E333-8FDC-42A3-9474-1A3956D46DE8}") = "test", "test", "{C57848BE-C380-47E4-B309-C846FA325CFC}"
EndProject
Project("{9A19103F-16F7-4668-BE54-9A1E7A4F7556}") = "UnitTestProject", "UnitTestProject\UnitTestProject.csproj", "{5AF147EA-39EF-4145-88DC-B856754FB3CC}"
EndProject
Project("{9A19103F-16F7-4668-BE54-9A1E7A4F7556}") = "BlazorWebAssemblyApplication", "BlazorWebAssemblyApplication\BlazorWebAssemblyApplication.csproj", "{9B7294DD-6B7A-4A0D-9497-DEF8F1A78FAF}"
EndProject
Project("{9A19103F-16F7-4668-BE54-9A1E7A4F7556}") = "HttpClientExample", "HttpClientExample\HttpClientExample.csproj", "{999D4899-4BDD-48FB-A4CD-559B436D918B}"
EndProject
Project("{FAE04EC0-301F-11D3-BF4B-00C04F79EFBC}") = "ModelBindingExample", "ModelBindingExample\ModelBindingExample.csproj", "{5B219E9D-7CD4-4EC0-B861-0AAEC7BC0453}"
EndProject
Global
	GlobalSection(SolutionConfigurationPlatforms) = preSolution
		Debug|Any CPU = Debug|Any CPU
		Release|Any CPU = Release|Any CPU
	EndGlobalSection
	GlobalSection(ProjectConfigurationPlatforms) = postSolution
		{D2281CBA-E282-4F81-BEA8-792297EA77BE}.Debug|Any CPU.ActiveCfg = Debug|Any CPU
		{D2281CBA-E282-4F81-BEA8-792297EA77BE}.Debug|Any CPU.Build.0 = Debug|Any CPU
		{D2281CBA-E282-4F81-BEA8-792297EA77BE}.Release|Any CPU.ActiveCfg = Release|Any CPU
		{D2281CBA-E282-4F81-BEA8-792297EA77BE}.Release|Any CPU.Build.0 = Release|Any CPU
		{35B60787-D5A7-43EB-9394-74E205F17EA7}.Debug|Any CPU.ActiveCfg = Debug|Any CPU
		{35B60787-D5A7-43EB-9394-74E205F17EA7}.Debug|Any CPU.Build.0 = Debug|Any CPU
		{35B60787-D5A7-43EB-9394-74E205F17EA7}.Release|Any CPU.ActiveCfg = Release|Any CPU
		{35B60787-D5A7-43EB-9394-74E205F17EA7}.Release|Any CPU.Build.0 = Release|Any CPU
		{07FC6C3E-3393-43B7-9E1A-E2E30A2C8C81}.Debug|Any CPU.ActiveCfg = Debug|Any CPU
		{07FC6C3E-3393-43B7-9E1A-E2E30A2C8C81}.Debug|Any CPU.Build.0 = Debug|Any CPU
		{07FC6C3E-3393-43B7-9E1A-E2E30A2C8C81}.Release|Any CPU.ActiveCfg = Release|Any CPU
		{07FC6C3E-3393-43B7-9E1A-E2E30A2C8C81}.Release|Any CPU.Build.0 = Release|Any CPU
		{6C5D82D1-55C4-41D7-88A1-AE9588116167}.Debug|Any CPU.ActiveCfg = Debug|Any CPU
		{6C5D82D1-55C4-41D7-88A1-AE9588116167}.Debug|Any CPU.Build.0 = Debug|Any CPU
		{6C5D82D1-55C4-41D7-88A1-AE9588116167}.Release|Any CPU.ActiveCfg = Release|Any CPU
		{6C5D82D1-55C4-41D7-88A1-AE9588116167}.Release|Any CPU.Build.0 = Release|Any CPU
		{2DBBA972-AC47-454A-B87C-FD261CDAD797}.Debug|Any CPU.ActiveCfg = Debug|Any CPU
		{2DBBA972-AC47-454A-B87C-FD261CDAD797}.Debug|Any CPU.Build.0 = Debug|Any CPU
		{2DBBA972-AC47-454A-B87C-FD261CDAD797}.Release|Any CPU.ActiveCfg = Release|Any CPU
		{2DBBA972-AC47-454A-B87C-FD261CDAD797}.Release|Any CPU.Build.0 = Release|Any CPU
		{5AF147EA-39EF-4145-88DC-B856754FB3CC}.Debug|Any CPU.ActiveCfg = Debug|Any CPU
		{5AF147EA-39EF-4145-88DC-B856754FB3CC}.Debug|Any CPU.Build.0 = Debug|Any CPU
		{5AF147EA-39EF-4145-88DC-B856754FB3CC}.Release|Any CPU.ActiveCfg = Release|Any CPU
		{5AF147EA-39EF-4145-88DC-B856754FB3CC}.Release|Any CPU.Build.0 = Release|Any CPU
		{9B7294DD-6B7A-4A0D-9497-DEF8F1A78FAF}.Debug|Any CPU.ActiveCfg = Debug|Any CPU
		{9B7294DD-6B7A-4A0D-9497-DEF8F1A78FAF}.Debug|Any CPU.Build.0 = Debug|Any CPU
		{9B7294DD-6B7A-4A0D-9497-DEF8F1A78FAF}.Release|Any CPU.ActiveCfg = Release|Any CPU
		{9B7294DD-6B7A-4A0D-9497-DEF8F1A78FAF}.Release|Any CPU.Build.0 = Release|Any CPU
		{999D4899-4BDD-48FB-A4CD-559B436D918B}.Debug|Any CPU.ActiveCfg = Debug|Any CPU
		{999D4899-4BDD-48FB-A4CD-559B436D918B}.Debug|Any CPU.Build.0 = Debug|Any CPU
		{999D4899-4BDD-48FB-A4CD-559B436D918B}.Release|Any CPU.ActiveCfg = Release|Any CPU
		{999D4899-4BDD-48FB-A4CD-559B436D918B}.Release|Any CPU.Build.0 = Release|Any CPU
		{5B219E9D-7CD4-4EC0-B861-0AAEC7BC0453}.Debug|Any CPU.ActiveCfg = Debug|Any CPU
		{5B219E9D-7CD4-4EC0-B861-0AAEC7BC0453}.Debug|Any CPU.Build.0 = Debug|Any CPU
		{5B219E9D-7CD4-4EC0-B861-0AAEC7BC0453}.Release|Any CPU.ActiveCfg = Release|Any CPU
		{5B219E9D-7CD4-4EC0-B861-0AAEC7BC0453}.Release|Any CPU.Build.0 = Release|Any CPU
	EndGlobalSection
	GlobalSection(SolutionProperties) = preSolution
		HideSolutionNode = FALSE
	EndGlobalSection
	GlobalSection(NestedProjects) = preSolution
		{5AF147EA-39EF-4145-88DC-B856754FB3CC} = {C57848BE-C380-47E4-B309-C846FA325CFC}
	EndGlobalSection
	GlobalSection(ExtensibilityGlobals) = postSolution
		SolutionGuid = {5919FA3D-A5B3-4FA8-BAED-8BBCE22A6E19}
	EndGlobalSection
EndGlobal
