
Microsoft Visual Studio Solution File, Format Version 12.00
# Visual Studio Version 16
VisualStudioVersion = 16.0.31613.86
MinimumVisualStudioVersion = 10.0.40219.1
Project("{9A19103F-16F7-4668-BE54-9A1E7A4F7556}") = "StateManageMent.Cache", "StateManageMent.Cache\StateManageMent.Cache.csproj", "{D2281CBA-E282-4F81-BEA8-792297EA77BE}"
EndProject
Project("{9A19103F-16F7-4668-BE54-9A1E7A4F7556}") = "StateManageMent.Session", "StateManageMent.Session\StateManageMent.Session.csproj", "{35B60787-D5A7-43EB-9394-74E205F17EA7}"
EndProject
Project("{FAE04EC0-301F-11D3-BF4B-00C04F79EFBC}") = "Routing", "Routing\Routing.csproj", "{07FC6C3E-3393-43B7-9E1A-E2E30A2C8C81}"
EndProject
Global
	GlobalSection(SolutionConfigurationPlatforms) = preSolution
		Debug|Any CPU = Debug|Any CPU
		Release|Any CPU = Release|Any CPU
	EndGlobalSection
	GlobalSection(ProjectConfigurationPlatforms) = postSolution
		{D2281CBA-E282-4F81-BEA8-792297EA77BE}.Debug|Any CPU.ActiveCfg = Debug|Any CPU
		{D2281CBA-E282-4F81-BEA8-792297EA77BE}.Debug|Any CPU.Build.0 = Debug|Any CPU
		{D2281CBA-E282-4F81-BEA8-792297EA77BE}.Release|Any CPU.ActiveCfg = Release|Any CPU
		{D2281CBA-E282-4F81-BEA8-792297EA77BE}.Release|Any CPU.Build.0 = Release|Any CPU
		{35B60787-D5A7-43EB-9394-74E205F17EA7}.Debug|Any CPU.ActiveCfg = Debug|Any CPU
		{35B60787-D5A7-43EB-9394-74E205F17EA7}.Debug|Any CPU.Build.0 = Debug|Any CPU
		{35B60787-D5A7-43EB-9394-74E205F17EA7}.Release|Any CPU.ActiveCfg = Release|Any CPU
		{35B60787-D5A7-43EB-9394-74E205F17EA7}.Release|Any CPU.Build.0 = Release|Any CPU
		{07FC6C3E-3393-43B7-9E1A-E2E30A2C8C81}.Debug|Any CPU.ActiveCfg = Debug|Any CPU
		{07FC6C3E-3393-43B7-9E1A-E2E30A2C8C81}.Debug|Any CPU.Build.0 = Debug|Any CPU
		{07FC6C3E-3393-43B7-9E1A-E2E30A2C8C81}.Release|Any CPU.ActiveCfg = Release|Any CPU
		{07FC6C3E-3393-43B7-9E1A-E2E30A2C8C81}.Release|Any CPU.Build.0 = Release|Any CPU
	EndGlobalSection
	GlobalSection(SolutionProperties) = preSolution
		HideSolutionNode = FALSE
	EndGlobalSection
	GlobalSection(ExtensibilityGlobals) = postSolution
		SolutionGuid = {5919FA3D-A5B3-4FA8-BAED-8BBCE22A6E19}
	EndGlobalSection
EndGlobal
